// !$*UTF8*$!
{
	archiveVersion = 1;
	classes = {
	};
	objectVersion = 51;
	objects = {

/* Begin PBXBuildFile section */
		13052711250C6AD200529A64 /* Extensions.swift in Sources */ = {isa = PBXBuildFile; fileRef = 13052710250C6AD200529A64 /* Extensions.swift */; };
		13052713250C6AF300529A64 /* HomeScreenViewModel.swift in Sources */ = {isa = PBXBuildFile; fileRef = 13052712250C6AF300529A64 /* HomeScreenViewModel.swift */; };
		137A5E73250C3CD4003EAD14 /* AppDelegate.swift in Sources */ = {isa = PBXBuildFile; fileRef = 137A5E72250C3CD4003EAD14 /* AppDelegate.swift */; };
		137A5E75250C3CD4003EAD14 /* SceneDelegate.swift in Sources */ = {isa = PBXBuildFile; fileRef = 137A5E74250C3CD4003EAD14 /* SceneDelegate.swift */; };
		137A5E77250C3CD4003EAD14 /* HomeScreenVC.swift in Sources */ = {isa = PBXBuildFile; fileRef = 137A5E76250C3CD4003EAD14 /* HomeScreenVC.swift */; };
		137A5E7A250C3CD4003EAD14 /* Main.storyboard in Resources */ = {isa = PBXBuildFile; fileRef = 137A5E78250C3CD4003EAD14 /* Main.storyboard */; };
		137A5E7C250C3CD6003EAD14 /* Assets.xcassets in Resources */ = {isa = PBXBuildFile; fileRef = 137A5E7B250C3CD6003EAD14 /* Assets.xcassets */; };
		137A5E7F250C3CD6003EAD14 /* LaunchScreen.storyboard in Resources */ = {isa = PBXBuildFile; fileRef = 137A5E7D250C3CD6003EAD14 /* LaunchScreen.storyboard */; };
		137A5E8B250C45F9003EAD14 /* GoogleService-Info.plist in Resources */ = {isa = PBXBuildFile; fileRef = 137A5E8A250C45F9003EAD14 /* GoogleService-Info.plist */; };
		13AC1041250CC122003512FA /* LobbyPlayerTableViewCell.swift in Sources */ = {isa = PBXBuildFile; fileRef = 13AC1040250CC122003512FA /* LobbyPlayerTableViewCell.swift */; };
		76346068250C883900A24D75 /* LobbyVC.swift in Sources */ = {isa = PBXBuildFile; fileRef = 76346067250C883900A24D75 /* LobbyVC.swift */; };
		7634606E250D1DAE00A24D75 /* GameVC.swift in Sources */ = {isa = PBXBuildFile; fileRef = 7634606D250D1DAE00A24D75 /* GameVC.swift */; };
		76989E0A250D65B7000F5948 /* Flargio.scnassets in Resources */ = {isa = PBXBuildFile; fileRef = 76989E09250D65B7000F5948 /* Flargio.scnassets */; };
		76989E0A250D65B7000F5948 /* art.scnassets in Resources */ = {isa = PBXBuildFile; fileRef = 76989E09250D65B7000F5948 /* art.scnassets */; };
		76989E0E250D6BA3000F5948 /* GamePlayer.swift in Sources */ = {isa = PBXBuildFile; fileRef = 76989E0D250D6BA3000F5948 /* GamePlayer.swift */; };
		76989E11250D85AC000F5948 /* FlagNode.swift in Sources */ = {isa = PBXBuildFile; fileRef = 76989E10250D85AC000F5948 /* FlagNode.swift */; };
		76989E13250D882A000F5948 /* PlayerWithFlagNode.swift in Sources */ = {isa = PBXBuildFile; fileRef = 76989E12250D882A000F5948 /* PlayerWithFlagNode.swift */; };
		76989E15250D88EF000F5948 /* PlayerNode.swift in Sources */ = {isa = PBXBuildFile; fileRef = 76989E14250D88EF000F5948 /* PlayerNode.swift */; };
		76989E17250D8DD7000F5948 /* FieldBoundaries.swift in Sources */ = {isa = PBXBuildFile; fileRef = 76989E16250D8DD7000F5948 /* FieldBoundaries.swift */; };
		76989E1D250DB44B000F5948 /* MovePolice.swift in Sources */ = {isa = PBXBuildFile; fileRef = 76989E1C250DB44B000F5948 /* MovePolice.swift */; };
		E810E093250C9A6B00942D72 /* LobbyViewModel.swift in Sources */ = {isa = PBXBuildFile; fileRef = E810E091250C9A6B00942D72 /* LobbyViewModel.swift */; };
		E810E094250C9A6B00942D72 /* LobbyPlayer.swift in Sources */ = {isa = PBXBuildFile; fileRef = E810E092250C9A6B00942D72 /* LobbyPlayer.swift */; };
		E8258772C79C6AB1FD2A6394 /* Pods_pennapps_2020.framework in Frameworks */ = {isa = PBXBuildFile; fileRef = 47BA84B57DF37F675E312A42 /* Pods_pennapps_2020.framework */; };
		FA4F6299250D5F3600653A62 /* GameViewModel.swift in Sources */ = {isa = PBXBuildFile; fileRef = FA4F6298250D5F3600653A62 /* GameViewModel.swift */; };
/* End PBXBuildFile section */

/* Begin PBXFileReference section */
		13052710250C6AD200529A64 /* Extensions.swift */ = {isa = PBXFileReference; lastKnownFileType = sourcecode.swift; path = Extensions.swift; sourceTree = "<group>"; };
		13052712250C6AF300529A64 /* HomeScreenViewModel.swift */ = {isa = PBXFileReference; lastKnownFileType = sourcecode.swift; path = HomeScreenViewModel.swift; sourceTree = "<group>"; };
		137A5E6F250C3CD4003EAD14 /* pennapps-2020.app */ = {isa = PBXFileReference; explicitFileType = wrapper.application; includeInIndex = 0; path = "pennapps-2020.app"; sourceTree = BUILT_PRODUCTS_DIR; };
		137A5E72250C3CD4003EAD14 /* AppDelegate.swift */ = {isa = PBXFileReference; lastKnownFileType = sourcecode.swift; path = AppDelegate.swift; sourceTree = "<group>"; };
		137A5E74250C3CD4003EAD14 /* SceneDelegate.swift */ = {isa = PBXFileReference; lastKnownFileType = sourcecode.swift; path = SceneDelegate.swift; sourceTree = "<group>"; };
		137A5E76250C3CD4003EAD14 /* HomeScreenVC.swift */ = {isa = PBXFileReference; lastKnownFileType = sourcecode.swift; path = HomeScreenVC.swift; sourceTree = "<group>"; };
		137A5E79250C3CD4003EAD14 /* Base */ = {isa = PBXFileReference; lastKnownFileType = file.storyboard; name = Base; path = Base.lproj/Main.storyboard; sourceTree = "<group>"; };
		137A5E7B250C3CD6003EAD14 /* Assets.xcassets */ = {isa = PBXFileReference; lastKnownFileType = folder.assetcatalog; path = Assets.xcassets; sourceTree = "<group>"; };
		137A5E7E250C3CD6003EAD14 /* Base */ = {isa = PBXFileReference; lastKnownFileType = file.storyboard; name = Base; path = Base.lproj/LaunchScreen.storyboard; sourceTree = "<group>"; };
		137A5E80250C3CD6003EAD14 /* Info.plist */ = {isa = PBXFileReference; lastKnownFileType = text.plist.xml; path = Info.plist; sourceTree = "<group>"; };
		137A5E8A250C45F9003EAD14 /* GoogleService-Info.plist */ = {isa = PBXFileReference; fileEncoding = 4; lastKnownFileType = text.plist.xml; path = "GoogleService-Info.plist"; sourceTree = "<group>"; };
		13AC1040250CC122003512FA /* LobbyPlayerTableViewCell.swift */ = {isa = PBXFileReference; lastKnownFileType = sourcecode.swift; path = LobbyPlayerTableViewCell.swift; sourceTree = "<group>"; };
		47BA84B57DF37F675E312A42 /* Pods_pennapps_2020.framework */ = {isa = PBXFileReference; explicitFileType = wrapper.framework; includeInIndex = 0; path = Pods_pennapps_2020.framework; sourceTree = BUILT_PRODUCTS_DIR; };
		544A82689B452E3DD85FDCCB /* Pods-pennapps-2020.release.xcconfig */ = {isa = PBXFileReference; includeInIndex = 1; lastKnownFileType = text.xcconfig; name = "Pods-pennapps-2020.release.xcconfig"; path = "Target Support Files/Pods-pennapps-2020/Pods-pennapps-2020.release.xcconfig"; sourceTree = "<group>"; };
		54C428A97DB3A55B6DE43E7F /* Pods-pennapps-2020.debug.xcconfig */ = {isa = PBXFileReference; includeInIndex = 1; lastKnownFileType = text.xcconfig; name = "Pods-pennapps-2020.debug.xcconfig"; path = "Target Support Files/Pods-pennapps-2020/Pods-pennapps-2020.debug.xcconfig"; sourceTree = "<group>"; };
		76346067250C883900A24D75 /* LobbyVC.swift */ = {isa = PBXFileReference; lastKnownFileType = sourcecode.swift; path = LobbyVC.swift; sourceTree = "<group>"; };
		7634606D250D1DAE00A24D75 /* GameVC.swift */ = {isa = PBXFileReference; lastKnownFileType = sourcecode.swift; path = GameVC.swift; sourceTree = "<group>"; };
		76989E06250D6557000F5948 /* GamePlayer.swift */ = {isa = PBXFileReference; fileEncoding = 4; lastKnownFileType = sourcecode.swift; path = GamePlayer.swift; sourceTree = "<group>"; };
		76989E09250D65B7000F5948 /* Flargio.scnassets */ = {isa = PBXFileReference; lastKnownFileType = wrapper.scnassets; path = Flargio.scnassets; sourceTree = "<group>"; };
		76989E09250D65B7000F5948 /* art.scnassets */ = {isa = PBXFileReference; lastKnownFileType = wrapper.scnassets; path = art.scnassets; sourceTree = "<group>"; };
		76989E0D250D6BA3000F5948 /* GamePlayer.swift */ = {isa = PBXFileReference; lastKnownFileType = sourcecode.swift; name = GamePlayer.swift; path = "/Users/justinlieb/Documents/College/PennApps2020/pennapps-2020/Game/GamePlayer.swift"; sourceTree = "<absolute>"; };
		76989E10250D85AC000F5948 /* FlagNode.swift */ = {isa = PBXFileReference; lastKnownFileType = sourcecode.swift; path = FlagNode.swift; sourceTree = "<group>"; };
		76989E12250D882A000F5948 /* PlayerWithFlagNode.swift */ = {isa = PBXFileReference; lastKnownFileType = sourcecode.swift; path = PlayerWithFlagNode.swift; sourceTree = "<group>"; };
		76989E14250D88EF000F5948 /* PlayerNode.swift */ = {isa = PBXFileReference; lastKnownFileType = sourcecode.swift; path = PlayerNode.swift; sourceTree = "<group>"; };
		76989E16250D8DD7000F5948 /* FieldBoundaries.swift */ = {isa = PBXFileReference; lastKnownFileType = sourcecode.swift; path = FieldBoundaries.swift; sourceTree = "<group>"; };
		76989E1C250DB44B000F5948 /* MovePolice.swift */ = {isa = PBXFileReference; lastKnownFileType = sourcecode.swift; path = MovePolice.swift; sourceTree = "<group>"; };
		E810E091250C9A6B00942D72 /* LobbyViewModel.swift */ = {isa = PBXFileReference; fileEncoding = 4; lastKnownFileType = sourcecode.swift; path = LobbyViewModel.swift; sourceTree = "<group>"; };
		E810E092250C9A6B00942D72 /* LobbyPlayer.swift */ = {isa = PBXFileReference; fileEncoding = 4; lastKnownFileType = sourcecode.swift; path = LobbyPlayer.swift; sourceTree = "<group>"; };
		FA4F6298250D5F3600653A62 /* GameViewModel.swift */ = {isa = PBXFileReference; lastKnownFileType = sourcecode.swift; path = GameViewModel.swift; sourceTree = "<group>"; };
/* End PBXFileReference section */

/* Begin PBXFrameworksBuildPhase section */
		137A5E6C250C3CD4003EAD14 /* Frameworks */ = {
			isa = PBXFrameworksBuildPhase;
			buildActionMask = 2147483647;
			files = (
				E8258772C79C6AB1FD2A6394 /* Pods_pennapps_2020.framework in Frameworks */,
			);
			runOnlyForDeploymentPostprocessing = 0;
		};
/* End PBXFrameworksBuildPhase section */

/* Begin PBXGroup section */
		137A5E66250C3CD4003EAD14 = {
			isa = PBXGroup;
			children = (
				137A5E71250C3CD4003EAD14 /* pennapps-2020 */,
				137A5E70250C3CD4003EAD14 /* Products */,
				9C7443281B792A62262A04E8 /* Pods */,
				7058A40AFAA52444D88DF6C3 /* Frameworks */,
				FA4F629D250D74CB00653A62 /* Recovered References */,
			);
			sourceTree = "<group>";
		};
		137A5E70250C3CD4003EAD14 /* Products */ = {
			isa = PBXGroup;
			children = (
				137A5E6F250C3CD4003EAD14 /* pennapps-2020.app */,
			);
			name = Products;
			sourceTree = "<group>";
		};
		137A5E71250C3CD4003EAD14 /* pennapps-2020 */ = {
			isa = PBXGroup;
			children = (
				76989E09250D65B7000F5948 /* art.scnassets */,
				76989E08250D65A2000F5948 /* Resources */,
				7634606A250D1D5400A24D75 /* Game */,
				76346069250D1D1600A24D75 /* HomeScreen */,
				76346066250C882700A24D75 /* Lobby */,
				137A5E72250C3CD4003EAD14 /* AppDelegate.swift */,
				137A5E74250C3CD4003EAD14 /* SceneDelegate.swift */,
				137A5E78250C3CD4003EAD14 /* Main.storyboard */,
				137A5E7D250C3CD6003EAD14 /* LaunchScreen.storyboard */,
				137A5E80250C3CD6003EAD14 /* Info.plist */,
				137A5E8A250C45F9003EAD14 /* GoogleService-Info.plist */,
				13052710250C6AD200529A64 /* Extensions.swift */,
			);
			path = "pennapps-2020";
			sourceTree = "<group>";
		};
		7058A40AFAA52444D88DF6C3 /* Frameworks */ = {
			isa = PBXGroup;
			children = (
				47BA84B57DF37F675E312A42 /* Pods_pennapps_2020.framework */,
			);
			name = Frameworks;
			sourceTree = "<group>";
		};
		76346066250C882700A24D75 /* Lobby */ = {
			isa = PBXGroup;
			children = (
				76346067250C883900A24D75 /* LobbyVC.swift */,
				13AC1040250CC122003512FA /* LobbyPlayerTableViewCell.swift */,
				E810E091250C9A6B00942D72 /* LobbyViewModel.swift */,
				E810E092250C9A6B00942D72 /* LobbyPlayer.swift */,
			);
			path = Lobby;
			sourceTree = "<group>";
		};
		76346069250D1D1600A24D75 /* HomeScreen */ = {
			isa = PBXGroup;
			children = (
				137A5E76250C3CD4003EAD14 /* HomeScreenVC.swift */,
				13052712250C6AF300529A64 /* HomeScreenViewModel.swift */,
				76989E1C250DB44B000F5948 /* MovePolice.swift */,
			);
			path = HomeScreen;
			sourceTree = "<group>";
		};
		7634606A250D1D5400A24D75 /* Game */ = {
			isa = PBXGroup;
			children = (
				76989E0F250D8599000F5948 /* Nodes */,
				7634606D250D1DAE00A24D75 /* GameVC.swift */,
				FA4F6298250D5F3600653A62 /* GameViewModel.swift */,
				FA4F629A250D646600653A62 /* GamePlayer.swift */,
			);
			path = Game;
			sourceTree = "<group>";
		};
		76989E08250D65A2000F5948 /* Resources */ = {
			isa = PBXGroup;
			children = (
				137A5E7B250C3CD6003EAD14 /* Assets.xcassets */,
			);
			path = Resources;
			sourceTree = "<group>";
		};
		76989E0C250D6B52000F5948 /* Recovered References */ = {
			isa = PBXGroup;
			children = (
				76989E06250D6557000F5948 /* GamePlayer.swift */,
			);
			name = "Recovered References";
			sourceTree = "<group>";
		};
		76989E0F250D8599000F5948 /* Nodes */ = {
			isa = PBXGroup;
			children = (
				76989E10250D85AC000F5948 /* FlagNode.swift */,
				76989E12250D882A000F5948 /* PlayerWithFlagNode.swift */,
				76989E14250D88EF000F5948 /* PlayerNode.swift */,
				76989E16250D8DD7000F5948 /* FieldBoundaries.swift */,
			);
			path = Nodes;
			sourceTree = "<group>";
		};
		9C7443281B792A62262A04E8 /* Pods */ = {
			isa = PBXGroup;
			children = (
				54C428A97DB3A55B6DE43E7F /* Pods-pennapps-2020.debug.xcconfig */,
				544A82689B452E3DD85FDCCB /* Pods-pennapps-2020.release.xcconfig */,
			);
			path = Pods;
			sourceTree = "<group>";
		};
		FA4F629D250D74CB00653A62 /* Recovered References */ = {
			isa = PBXGroup;
			children = (
				76989E06250D6557000F5948 /* GamePlayer.swift */,
			);
			name = "Recovered References";
			sourceTree = "<group>";
		};
/* End PBXGroup section */

/* Begin PBXNativeTarget section */
		137A5E6E250C3CD4003EAD14 /* pennapps-2020 */ = {
			isa = PBXNativeTarget;
			buildConfigurationList = 137A5E83250C3CD6003EAD14 /* Build configuration list for PBXNativeTarget "pennapps-2020" */;
			buildPhases = (
				85256A77CF6C43CEA57AFB49 /* [CP] Check Pods Manifest.lock */,
				137A5E6B250C3CD4003EAD14 /* Sources */,
				137A5E6C250C3CD4003EAD14 /* Frameworks */,
				137A5E6D250C3CD4003EAD14 /* Resources */,
				A0B59A8DA6618A17B2173A11 /* [CP] Embed Pods Frameworks */,
			);
			buildRules = (
			);
			dependencies = (
			);
			name = "pennapps-2020";
			productName = "pennapps-2020";
			productReference = 137A5E6F250C3CD4003EAD14 /* pennapps-2020.app */;
			productType = "com.apple.product-type.application";
		};
/* End PBXNativeTarget section */

/* Begin PBXProject section */
		137A5E67250C3CD4003EAD14 /* Project object */ = {
			isa = PBXProject;
			attributes = {
				LastSwiftUpdateCheck = 1140;
				LastUpgradeCheck = 1140;
				ORGANIZATIONNAME = Velleity;
				TargetAttributes = {
					137A5E6E250C3CD4003EAD14 = {
						CreatedOnToolsVersion = 11.4.1;
					};
				};
			};
			buildConfigurationList = 137A5E6A250C3CD4003EAD14 /* Build configuration list for PBXProject "pennapps-2020" */;
			compatibilityVersion = "Xcode 9.3";
			developmentRegion = en;
			hasScannedForEncodings = 0;
			knownRegions = (
				en,
				Base,
			);
			mainGroup = 137A5E66250C3CD4003EAD14;
			productRefGroup = 137A5E70250C3CD4003EAD14 /* Products */;
			projectDirPath = "";
			projectRoot = "";
			targets = (
				137A5E6E250C3CD4003EAD14 /* pennapps-2020 */,
			);
		};
/* End PBXProject section */

/* Begin PBXResourcesBuildPhase section */
		137A5E6D250C3CD4003EAD14 /* Resources */ = {
			isa = PBXResourcesBuildPhase;
			buildActionMask = 2147483647;
			files = (
				137A5E7F250C3CD6003EAD14 /* LaunchScreen.storyboard in Resources */,
				137A5E8B250C45F9003EAD14 /* GoogleService-Info.plist in Resources */,
				76989E0A250D65B7000F5948 /* art.scnassets in Resources */,
				137A5E7C250C3CD6003EAD14 /* Assets.xcassets in Resources */,
				137A5E7A250C3CD4003EAD14 /* Main.storyboard in Resources */,
			);
			runOnlyForDeploymentPostprocessing = 0;
		};
/* End PBXResourcesBuildPhase section */

/* Begin PBXShellScriptBuildPhase section */
		85256A77CF6C43CEA57AFB49 /* [CP] Check Pods Manifest.lock */ = {
			isa = PBXShellScriptBuildPhase;
			buildActionMask = 2147483647;
			files = (
			);
			inputFileListPaths = (
			);
			inputPaths = (
				"${PODS_PODFILE_DIR_PATH}/Podfile.lock",
				"${PODS_ROOT}/Manifest.lock",
			);
			name = "[CP] Check Pods Manifest.lock";
			outputFileListPaths = (
			);
			outputPaths = (
				"$(DERIVED_FILE_DIR)/Pods-pennapps-2020-checkManifestLockResult.txt",
			);
			runOnlyForDeploymentPostprocessing = 0;
			shellPath = /bin/sh;
			shellScript = "diff \"${PODS_PODFILE_DIR_PATH}/Podfile.lock\" \"${PODS_ROOT}/Manifest.lock\" > /dev/null\nif [ $? != 0 ] ; then\n    # print error to STDERR\n    echo \"error: The sandbox is not in sync with the Podfile.lock. Run 'pod install' or update your CocoaPods installation.\" >&2\n    exit 1\nfi\n# This output is used by Xcode 'outputs' to avoid re-running this script phase.\necho \"SUCCESS\" > \"${SCRIPT_OUTPUT_FILE_0}\"\n";
			showEnvVarsInLog = 0;
		};
		A0B59A8DA6618A17B2173A11 /* [CP] Embed Pods Frameworks */ = {
			isa = PBXShellScriptBuildPhase;
			buildActionMask = 2147483647;
			files = (
			);
			inputFileListPaths = (
				"${PODS_ROOT}/Target Support Files/Pods-pennapps-2020/Pods-pennapps-2020-frameworks-${CONFIGURATION}-input-files.xcfilelist",
			);
			name = "[CP] Embed Pods Frameworks";
			outputFileListPaths = (
				"${PODS_ROOT}/Target Support Files/Pods-pennapps-2020/Pods-pennapps-2020-frameworks-${CONFIGURATION}-output-files.xcfilelist",
			);
			runOnlyForDeploymentPostprocessing = 0;
			shellPath = /bin/sh;
			shellScript = "\"${PODS_ROOT}/Target Support Files/Pods-pennapps-2020/Pods-pennapps-2020-frameworks.sh\"\n";
			showEnvVarsInLog = 0;
		};
/* End PBXShellScriptBuildPhase section */

/* Begin PBXSourcesBuildPhase section */
		137A5E6B250C3CD4003EAD14 /* Sources */ = {
			isa = PBXSourcesBuildPhase;
			buildActionMask = 2147483647;
			files = (
				76989E17250D8DD7000F5948 /* FieldBoundaries.swift in Sources */,
				137A5E77250C3CD4003EAD14 /* HomeScreenVC.swift in Sources */,
				137A5E73250C3CD4003EAD14 /* AppDelegate.swift in Sources */,
				E810E093250C9A6B00942D72 /* LobbyViewModel.swift in Sources */,
				FA4F6299250D5F3600653A62 /* GameViewModel.swift in Sources */,
				137A5E75250C3CD4003EAD14 /* SceneDelegate.swift in Sources */,
				13052711250C6AD200529A64 /* Extensions.swift in Sources */,
				76989E11250D85AC000F5948 /* FlagNode.swift in Sources */,
				76989E0E250D6BA3000F5948 /* GamePlayer.swift in Sources */,
				13052713250C6AF300529A64 /* HomeScreenViewModel.swift in Sources */,
				E810E094250C9A6B00942D72 /* LobbyPlayer.swift in Sources */,
				13AC1041250CC122003512FA /* LobbyPlayerTableViewCell.swift in Sources */,
				7634606E250D1DAE00A24D75 /* GameVC.swift in Sources */,
				76989E13250D882A000F5948 /* PlayerWithFlagNode.swift in Sources */,
				76346068250C883900A24D75 /* LobbyVC.swift in Sources */,
				76989E1D250DB44B000F5948 /* MovePolice.swift in Sources */,
				76989E15250D88EF000F5948 /* PlayerNode.swift in Sources */,
			);
			runOnlyForDeploymentPostprocessing = 0;
		};
/* End PBXSourcesBuildPhase section */

/* Begin PBXVariantGroup section */
		137A5E78250C3CD4003EAD14 /* Main.storyboard */ = {
			isa = PBXVariantGroup;
			children = (
				137A5E79250C3CD4003EAD14 /* Base */,
			);
			name = Main.storyboard;
			sourceTree = "<group>";
		};
		137A5E7D250C3CD6003EAD14 /* LaunchScreen.storyboard */ = {
			isa = PBXVariantGroup;
			children = (
				137A5E7E250C3CD6003EAD14 /* Base */,
			);
			name = LaunchScreen.storyboard;
			sourceTree = "<group>";
		};
/* End PBXVariantGroup section */

/* Begin XCBuildConfiguration section */
		137A5E81250C3CD6003EAD14 /* Debug */ = {
			isa = XCBuildConfiguration;
			buildSettings = {
				ALWAYS_SEARCH_USER_PATHS = NO;
				CLANG_ANALYZER_NONNULL = YES;
				CLANG_ANALYZER_NUMBER_OBJECT_CONVERSION = YES_AGGRESSIVE;
				CLANG_CXX_LANGUAGE_STANDARD = "gnu++14";
				CLANG_CXX_LIBRARY = "libc++";
				CLANG_ENABLE_MODULES = YES;
				CLANG_ENABLE_OBJC_ARC = YES;
				CLANG_ENABLE_OBJC_WEAK = YES;
				CLANG_WARN_BLOCK_CAPTURE_AUTORELEASING = YES;
				CLANG_WARN_BOOL_CONVERSION = YES;
				CLANG_WARN_COMMA = YES;
				CLANG_WARN_CONSTANT_CONVERSION = YES;
				CLANG_WARN_DEPRECATED_OBJC_IMPLEMENTATIONS = YES;
				CLANG_WARN_DIRECT_OBJC_ISA_USAGE = YES_ERROR;
				CLANG_WARN_DOCUMENTATION_COMMENTS = YES;
				CLANG_WARN_EMPTY_BODY = YES;
				CLANG_WARN_ENUM_CONVERSION = YES;
				CLANG_WARN_INFINITE_RECURSION = YES;
				CLANG_WARN_INT_CONVERSION = YES;
				CLANG_WARN_NON_LITERAL_NULL_CONVERSION = YES;
				CLANG_WARN_OBJC_IMPLICIT_RETAIN_SELF = YES;
				CLANG_WARN_OBJC_LITERAL_CONVERSION = YES;
				CLANG_WARN_OBJC_ROOT_CLASS = YES_ERROR;
				CLANG_WARN_RANGE_LOOP_ANALYSIS = YES;
				CLANG_WARN_STRICT_PROTOTYPES = YES;
				CLANG_WARN_SUSPICIOUS_MOVE = YES;
				CLANG_WARN_UNGUARDED_AVAILABILITY = YES_AGGRESSIVE;
				CLANG_WARN_UNREACHABLE_CODE = YES;
				CLANG_WARN__DUPLICATE_METHOD_MATCH = YES;
				COPY_PHASE_STRIP = NO;
				DEBUG_INFORMATION_FORMAT = dwarf;
				ENABLE_STRICT_OBJC_MSGSEND = YES;
				ENABLE_TESTABILITY = YES;
				GCC_C_LANGUAGE_STANDARD = gnu11;
				GCC_DYNAMIC_NO_PIC = NO;
				GCC_NO_COMMON_BLOCKS = YES;
				GCC_OPTIMIZATION_LEVEL = 0;
				GCC_PREPROCESSOR_DEFINITIONS = (
					"DEBUG=1",
					"$(inherited)",
				);
				GCC_WARN_64_TO_32_BIT_CONVERSION = YES;
				GCC_WARN_ABOUT_RETURN_TYPE = YES_ERROR;
				GCC_WARN_UNDECLARED_SELECTOR = YES;
				GCC_WARN_UNINITIALIZED_AUTOS = YES_AGGRESSIVE;
				GCC_WARN_UNUSED_FUNCTION = YES;
				GCC_WARN_UNUSED_VARIABLE = YES;
				IPHONEOS_DEPLOYMENT_TARGET = 13.1;
				MTL_ENABLE_DEBUG_INFO = INCLUDE_SOURCE;
				MTL_FAST_MATH = YES;
				ONLY_ACTIVE_ARCH = YES;
				SDKROOT = iphoneos;
				SWIFT_ACTIVE_COMPILATION_CONDITIONS = DEBUG;
				SWIFT_OPTIMIZATION_LEVEL = "-Onone";
			};
			name = Debug;
		};
		137A5E82250C3CD6003EAD14 /* Release */ = {
			isa = XCBuildConfiguration;
			buildSettings = {
				ALWAYS_SEARCH_USER_PATHS = NO;
				CLANG_ANALYZER_NONNULL = YES;
				CLANG_ANALYZER_NUMBER_OBJECT_CONVERSION = YES_AGGRESSIVE;
				CLANG_CXX_LANGUAGE_STANDARD = "gnu++14";
				CLANG_CXX_LIBRARY = "libc++";
				CLANG_ENABLE_MODULES = YES;
				CLANG_ENABLE_OBJC_ARC = YES;
				CLANG_ENABLE_OBJC_WEAK = YES;
				CLANG_WARN_BLOCK_CAPTURE_AUTORELEASING = YES;
				CLANG_WARN_BOOL_CONVERSION = YES;
				CLANG_WARN_COMMA = YES;
				CLANG_WARN_CONSTANT_CONVERSION = YES;
				CLANG_WARN_DEPRECATED_OBJC_IMPLEMENTATIONS = YES;
				CLANG_WARN_DIRECT_OBJC_ISA_USAGE = YES_ERROR;
				CLANG_WARN_DOCUMENTATION_COMMENTS = YES;
				CLANG_WARN_EMPTY_BODY = YES;
				CLANG_WARN_ENUM_CONVERSION = YES;
				CLANG_WARN_INFINITE_RECURSION = YES;
				CLANG_WARN_INT_CONVERSION = YES;
				CLANG_WARN_NON_LITERAL_NULL_CONVERSION = YES;
				CLANG_WARN_OBJC_IMPLICIT_RETAIN_SELF = YES;
				CLANG_WARN_OBJC_LITERAL_CONVERSION = YES;
				CLANG_WARN_OBJC_ROOT_CLASS = YES_ERROR;
				CLANG_WARN_RANGE_LOOP_ANALYSIS = YES;
				CLANG_WARN_STRICT_PROTOTYPES = YES;
				CLANG_WARN_SUSPICIOUS_MOVE = YES;
				CLANG_WARN_UNGUARDED_AVAILABILITY = YES_AGGRESSIVE;
				CLANG_WARN_UNREACHABLE_CODE = YES;
				CLANG_WARN__DUPLICATE_METHOD_MATCH = YES;
				COPY_PHASE_STRIP = NO;
				DEBUG_INFORMATION_FORMAT = "dwarf-with-dsym";
				ENABLE_NS_ASSERTIONS = NO;
				ENABLE_STRICT_OBJC_MSGSEND = YES;
				GCC_C_LANGUAGE_STANDARD = gnu11;
				GCC_NO_COMMON_BLOCKS = YES;
				GCC_WARN_64_TO_32_BIT_CONVERSION = YES;
				GCC_WARN_ABOUT_RETURN_TYPE = YES_ERROR;
				GCC_WARN_UNDECLARED_SELECTOR = YES;
				GCC_WARN_UNINITIALIZED_AUTOS = YES_AGGRESSIVE;
				GCC_WARN_UNUSED_FUNCTION = YES;
				GCC_WARN_UNUSED_VARIABLE = YES;
				IPHONEOS_DEPLOYMENT_TARGET = 13.1;

				MTL_ENABLE_DEBUG_INFO = NO;
				MTL_FAST_MATH = YES;
				SDKROOT = iphoneos;
				SWIFT_COMPILATION_MODE = wholemodule;
				SWIFT_OPTIMIZATION_LEVEL = "-O";
				VALIDATE_PRODUCT = YES;
			};
			name = Release;
		};
		137A5E84250C3CD6003EAD14 /* Debug */ = {
			isa = XCBuildConfiguration;
			baseConfigurationReference = 54C428A97DB3A55B6DE43E7F /* Pods-pennapps-2020.debug.xcconfig */;
			buildSettings = {
				ASSETCATALOG_COMPILER_APPICON_NAME = AppIcon;
				CODE_SIGN_IDENTITY = "Apple Development";
				CODE_SIGN_STYLE = Automatic;
				DEVELOPMENT_TEAM = LFFFF46AX3;
				INFOPLIST_FILE = "pennapps-2020/Info.plist";
				IPHONEOS_DEPLOYMENT_TARGET = 13.0;
				LD_RUNPATH_SEARCH_PATHS = (
					"$(inherited)",
					"@executable_path/Frameworks",
				);
				PRODUCT_BUNDLE_IDENTIFIER = "ago.epow.jtlieb.awanga.pennapps-2020";
				PRODUCT_NAME = "$(TARGET_NAME)";
				PROVISIONING_PROFILE_SPECIFIER = "";
				SWIFT_VERSION = 5.0;
				TARGETED_DEVICE_FAMILY = "1,2";
			};
			name = Debug;
		};
		137A5E85250C3CD6003EAD14 /* Release */ = {
			isa = XCBuildConfiguration;
			baseConfigurationReference = 544A82689B452E3DD85FDCCB /* Pods-pennapps-2020.release.xcconfig */;
			buildSettings = {
				ASSETCATALOG_COMPILER_APPICON_NAME = AppIcon;
				CODE_SIGN_STYLE = Automatic;
				DEVELOPMENT_TEAM = LFFFF46AX3;
				INFOPLIST_FILE = "pennapps-2020/Info.plist";
				IPHONEOS_DEPLOYMENT_TARGET = 13.0;
				LD_RUNPATH_SEARCH_PATHS = (
					"$(inherited)",
					"@executable_path/Frameworks",
				);
				PRODUCT_BUNDLE_IDENTIFIER = "ago.epow.jtlieb.awanga.pennapps-2020";
				PRODUCT_NAME = "$(TARGET_NAME)";
				SWIFT_VERSION = 5.0;
				TARGETED_DEVICE_FAMILY = "1,2";
			};
			name = Release;
		};
/* End XCBuildConfiguration section */

/* Begin XCConfigurationList section */
		137A5E6A250C3CD4003EAD14 /* Build configuration list for PBXProject "pennapps-2020" */ = {
			isa = XCConfigurationList;
			buildConfigurations = (
				137A5E81250C3CD6003EAD14 /* Debug */,
				137A5E82250C3CD6003EAD14 /* Release */,
			);
			defaultConfigurationIsVisible = 0;
			defaultConfigurationName = Release;
		};
		137A5E83250C3CD6003EAD14 /* Build configuration list for PBXNativeTarget "pennapps-2020" */ = {
			isa = XCConfigurationList;
			buildConfigurations = (
				137A5E84250C3CD6003EAD14 /* Debug */,
				137A5E85250C3CD6003EAD14 /* Release */,
			);
			defaultConfigurationIsVisible = 0;
			defaultConfigurationName = Release;
		};
/* End XCConfigurationList section */
	};
	rootObject = 137A5E67250C3CD4003EAD14 /* Project object */;
}
